PODS:
  - CleverTap-iOS-SDK (3.1.4):
    - CleverTap-iOS-SDK/Main (= 3.1.4)
  - CleverTap-iOS-SDK/Main (3.1.4)

DEPENDENCIES:
  - CleverTap-iOS-SDK

SPEC CHECKSUMS:
  CleverTap-iOS-SDK: 2678a19ea6a610f75427b2bc8f9cea1e8cf8c61d

PODFILE CHECKSUM: 7e20df5874df412df9e9d327d9adb2224baa7890

COCOAPODS: 1.2.1
