// !$*UTF8*$!
{
	archiveVersion = 1;
	classes = {
	};
	objectVersion = 54;
	objects = {

/* Begin PBXBuildFile section */
		0BE6D19D6175C1EA2EB1B573 /* libPods-Example.a in Frameworks */ = {isa = PBXBuildFile; fileRef = 35C0D77F08F13FB76F737463 /* libPods-Example.a */; };
		13B07FBC1A68108700A75B9A /* AppDelegate.mm in Sources */ = {isa = PBXBuildFile; fileRef = 13B07FB01A68108700A75B9A /* AppDelegate.mm */; };
		13B07FBF1A68108700A75B9A /* Images.xcassets in Resources */ = {isa = PBXBuildFile; fileRef = 13B07FB51A68108700A75B9A /* Images.xcassets */; };
		13B07FC11A68108700A75B9A /* main.m in Sources */ = {isa = PBXBuildFile; fileRef = 13B07FB71A68108700A75B9A /* main.m */; };
		2E99F3691820957DA1663D14 /* libPods-NotificationServiceSwift.a in Frameworks */ = {isa = PBXBuildFile; fileRef = EE80A1163F6D4E85C40F4854 /* libPods-NotificationServiceSwift.a */; };
		4392402C43F4132A115E1138 /* libPods-NotificationService.a in Frameworks */ = {isa = PBXBuildFile; fileRef = F5C8970D6BA80692BF97003D /* libPods-NotificationService.a */; };
		48BF78C22AA5B5110091FF16 /* NotificationService.m in Sources */ = {isa = PBXBuildFile; fileRef = 48BF78C12AA5B5110091FF16 /* NotificationService.m */; };
		48BF78C62AA5B5110091FF16 /* NotificationService.appex in Embed Foundation Extensions */ = {isa = PBXBuildFile; fileRef = 48BF78BE2AA5B5110091FF16 /* NotificationService.appex */; settings = {ATTRIBUTES = (RemoveHeadersOnCopy, ); }; };
		48BF79132AA7037E0091FF16 /* UserNotifications.framework in Frameworks */ = {isa = PBXBuildFile; fileRef = 48BF79122AA7037E0091FF16 /* UserNotifications.framework */; };
		48BF79152AA7037E0091FF16 /* UserNotificationsUI.framework in Frameworks */ = {isa = PBXBuildFile; fileRef = 48BF79142AA7037E0091FF16 /* UserNotificationsUI.framework */; };
		48BF79192AA7037E0091FF16 /* NotificationViewController.m in Sources */ = {isa = PBXBuildFile; fileRef = 48BF79182AA7037E0091FF16 /* NotificationViewController.m */; };
		48BF791C2AA7037E0091FF16 /* MainInterface.storyboard in Resources */ = {isa = PBXBuildFile; fileRef = 48BF791A2AA7037E0091FF16 /* MainInterface.storyboard */; };
		48BF79202AA7037E0091FF16 /* NotificationContent.appex in Embed Foundation Extensions */ = {isa = PBXBuildFile; fileRef = 48BF79112AA7037E0091FF16 /* NotificationContent.appex */; settings = {ATTRIBUTES = (RemoveHeadersOnCopy, ); }; };
		48BF796D2AB076DA0091FF16 /* NotificationService.swift in Sources */ = {isa = PBXBuildFile; fileRef = 48BF796C2AB076DA0091FF16 /* NotificationService.swift */; };
		48BF79712AB076DA0091FF16 /* NotificationServiceSwift.appex in Embed Foundation Extensions */ = {isa = PBXBuildFile; fileRef = 48BF796A2AB076DA0091FF16 /* NotificationServiceSwift.appex */; settings = {ATTRIBUTES = (RemoveHeadersOnCopy, ); }; };
		48BF797A2AB076F10091FF16 /* UserNotifications.framework in Frameworks */ = {isa = PBXBuildFile; fileRef = 48BF79122AA7037E0091FF16 /* UserNotifications.framework */; };
		48BF797B2AB076F20091FF16 /* UserNotificationsUI.framework in Frameworks */ = {isa = PBXBuildFile; fileRef = 48BF79142AA7037E0091FF16 /* UserNotificationsUI.framework */; };
		48BF797E2AB076F20091FF16 /* NotificationViewController.swift in Sources */ = {isa = PBXBuildFile; fileRef = 48BF797D2AB076F20091FF16 /* NotificationViewController.swift */; };
		48BF79812AB076F20091FF16 /* MainInterface.storyboard in Resources */ = {isa = PBXBuildFile; fileRef = 48BF797F2AB076F20091FF16 /* MainInterface.storyboard */; };
		48BF79852AB076F20091FF16 /* NotificationContentSwift.appex in Embed Foundation Extensions */ = {isa = PBXBuildFile; fileRef = 48BF79792AB076F10091FF16 /* NotificationContentSwift.appex */; settings = {ATTRIBUTES = (RemoveHeadersOnCopy, ); }; };
		685D0A42F74FC38D84284799 /* PrivacyInfo.xcprivacy in Resources */ = {isa = PBXBuildFile; fileRef = 9A4C3DD3EBC1242A62F0E22B /* PrivacyInfo.xcprivacy */; };
		81AB9BB82411601600AC10FF /* LaunchScreen.storyboard in Resources */ = {isa = PBXBuildFile; fileRef = 81AB9BB72411601600AC10FF /* LaunchScreen.storyboard */; };
		C28EE22363709BEF624F9F1E /* libPods-NotificationContentSwift.a in Frameworks */ = {isa = PBXBuildFile; fileRef = 7C33252DD165317E32A556B4 /* libPods-NotificationContentSwift.a */; };
		FFDFBBA910887882FBEAC7E1 /* libPods-NotificationContent.a in Frameworks */ = {isa = PBXBuildFile; fileRef = DEC195091200DD33134801AA /* libPods-NotificationContent.a */; };
/* End PBXBuildFile section */

/* Begin PBXContainerItemProxy section */
		48BF79832AB076F20091FF16 /* PBXContainerItemProxy */ = {
			isa = PBXContainerItemProxy;
			containerPortal = 83CBB9F71A601CBA00E9B192 /* Project object */;
			proxyType = 1;
			remoteGlobalIDString = 48BF79782AB076F10091FF16;
			remoteInfo = NotificationContentSwift;
		};
		48BF79912AB19A1A0091FF16 /* PBXContainerItemProxy */ = {
			isa = PBXContainerItemProxy;
			containerPortal = 83CBB9F71A601CBA00E9B192 /* Project object */;
			proxyType = 1;
			remoteGlobalIDString = 48BF79102AA7037E0091FF16;
			remoteInfo = NotificationContent;
		};
		48BF79932AB19B180091FF16 /* PBXContainerItemProxy */ = {
			isa = PBXContainerItemProxy;
			containerPortal = 83CBB9F71A601CBA00E9B192 /* Project object */;
			proxyType = 1;
			remoteGlobalIDString = 48BF78BD2AA5B5110091FF16;
			remoteInfo = NotificationService;
		};
		48BF79952AB1A5310091FF16 /* PBXContainerItemProxy */ = {
			isa = PBXContainerItemProxy;
			containerPortal = 83CBB9F71A601CBA00E9B192 /* Project object */;
			proxyType = 1;
			remoteGlobalIDString = 48BF79692AB076DA0091FF16;
			remoteInfo = NotificationServiceSwift;
		};
/* End PBXContainerItemProxy section */

/* Begin PBXCopyFilesBuildPhase section */
		48BF78CA2AA5B5110091FF16 /* Embed Foundation Extensions */ = {
			isa = PBXCopyFilesBuildPhase;
			buildActionMask = 2147483647;
			dstPath = "";
			dstSubfolderSpec = 13;
			files = (
				48BF79712AB076DA0091FF16 /* NotificationServiceSwift.appex in Embed Foundation Extensions */,
				48BF79852AB076F20091FF16 /* NotificationContentSwift.appex in Embed Foundation Extensions */,
				48BF78C62AA5B5110091FF16 /* NotificationService.appex in Embed Foundation Extensions */,
				48BF79202AA7037E0091FF16 /* NotificationContent.appex in Embed Foundation Extensions */,
			);
			name = "Embed Foundation Extensions";
			runOnlyForDeploymentPostprocessing = 0;
		};
/* End PBXCopyFilesBuildPhase section */

/* Begin PBXFileReference section */
		13B07F961A680F5B00A75B9A /* Example.app */ = {isa = PBXFileReference; explicitFileType = wrapper.application; includeInIndex = 0; path = Example.app; sourceTree = BUILT_PRODUCTS_DIR; };
		13B07FAF1A68108700A75B9A /* AppDelegate.h */ = {isa = PBXFileReference; fileEncoding = 4; lastKnownFileType = sourcecode.c.h; name = AppDelegate.h; path = Example/AppDelegate.h; sourceTree = "<group>"; };
		13B07FB01A68108700A75B9A /* AppDelegate.mm */ = {isa = PBXFileReference; fileEncoding = 4; lastKnownFileType = sourcecode.cpp.objcpp; name = AppDelegate.mm; path = Example/AppDelegate.mm; sourceTree = "<group>"; };
		13B07FB51A68108700A75B9A /* Images.xcassets */ = {isa = PBXFileReference; lastKnownFileType = folder.assetcatalog; name = Images.xcassets; path = Example/Images.xcassets; sourceTree = "<group>"; };
		13B07FB61A68108700A75B9A /* Info.plist */ = {isa = PBXFileReference; fileEncoding = 4; lastKnownFileType = text.plist.xml; name = Info.plist; path = Example/Info.plist; sourceTree = "<group>"; };
		13B07FB71A68108700A75B9A /* main.m */ = {isa = PBXFileReference; fileEncoding = 4; lastKnownFileType = sourcecode.c.objc; name = main.m; path = Example/main.m; sourceTree = "<group>"; };
		14E2F58881084EE312574B68 /* Pods-NotificationService.debug.xcconfig */ = {isa = PBXFileReference; includeInIndex = 1; lastKnownFileType = text.xcconfig; name = "Pods-NotificationService.debug.xcconfig"; path = "Target Support Files/Pods-NotificationService/Pods-NotificationService.debug.xcconfig"; sourceTree = "<group>"; };
		273ED08C65D1C0D2A1CF924D /* Pods-NotificationService.release.xcconfig */ = {isa = PBXFileReference; includeInIndex = 1; lastKnownFileType = text.xcconfig; name = "Pods-NotificationService.release.xcconfig"; path = "Target Support Files/Pods-NotificationService/Pods-NotificationService.release.xcconfig"; sourceTree = "<group>"; };
		35C0D77F08F13FB76F737463 /* libPods-Example.a */ = {isa = PBXFileReference; explicitFileType = archive.ar; includeInIndex = 0; path = "libPods-Example.a"; sourceTree = BUILT_PRODUCTS_DIR; };
		48BF78BE2AA5B5110091FF16 /* NotificationService.appex */ = {isa = PBXFileReference; explicitFileType = "wrapper.app-extension"; includeInIndex = 0; path = NotificationService.appex; sourceTree = BUILT_PRODUCTS_DIR; };
		48BF78C02AA5B5110091FF16 /* NotificationService.h */ = {isa = PBXFileReference; lastKnownFileType = sourcecode.c.h; path = NotificationService.h; sourceTree = "<group>"; };
		48BF78C12AA5B5110091FF16 /* NotificationService.m */ = {isa = PBXFileReference; lastKnownFileType = sourcecode.c.objc; path = NotificationService.m; sourceTree = "<group>"; };
		48BF78C32AA5B5110091FF16 /* Info.plist */ = {isa = PBXFileReference; lastKnownFileType = text.plist.xml; path = Info.plist; sourceTree = "<group>"; };
		48BF79112AA7037E0091FF16 /* NotificationContent.appex */ = {isa = PBXFileReference; explicitFileType = "wrapper.app-extension"; includeInIndex = 0; path = NotificationContent.appex; sourceTree = BUILT_PRODUCTS_DIR; };
		48BF79122AA7037E0091FF16 /* UserNotifications.framework */ = {isa = PBXFileReference; lastKnownFileType = wrapper.framework; name = UserNotifications.framework; path = System/Library/Frameworks/UserNotifications.framework; sourceTree = SDKROOT; };
		48BF79142AA7037E0091FF16 /* UserNotificationsUI.framework */ = {isa = PBXFileReference; lastKnownFileType = wrapper.framework; name = UserNotificationsUI.framework; path = System/Library/Frameworks/UserNotificationsUI.framework; sourceTree = SDKROOT; };
		48BF79172AA7037E0091FF16 /* NotificationViewController.h */ = {isa = PBXFileReference; lastKnownFileType = sourcecode.c.h; path = NotificationViewController.h; sourceTree = "<group>"; };
		48BF79182AA7037E0091FF16 /* NotificationViewController.m */ = {isa = PBXFileReference; lastKnownFileType = sourcecode.c.objc; path = NotificationViewController.m; sourceTree = "<group>"; };
		48BF791B2AA7037E0091FF16 /* Base */ = {isa = PBXFileReference; lastKnownFileType = file.storyboard; name = Base; path = Base.lproj/MainInterface.storyboard; sourceTree = "<group>"; };
		48BF791D2AA7037E0091FF16 /* Info.plist */ = {isa = PBXFileReference; lastKnownFileType = text.plist.xml; path = Info.plist; sourceTree = "<group>"; };
		48BF796A2AB076DA0091FF16 /* NotificationServiceSwift.appex */ = {isa = PBXFileReference; explicitFileType = "wrapper.app-extension"; includeInIndex = 0; path = NotificationServiceSwift.appex; sourceTree = BUILT_PRODUCTS_DIR; };
		48BF796C2AB076DA0091FF16 /* NotificationService.swift */ = {isa = PBXFileReference; lastKnownFileType = sourcecode.swift; path = NotificationService.swift; sourceTree = "<group>"; };
		48BF796E2AB076DA0091FF16 /* Info.plist */ = {isa = PBXFileReference; lastKnownFileType = text.plist.xml; path = Info.plist; sourceTree = "<group>"; };
		48BF79792AB076F10091FF16 /* NotificationContentSwift.appex */ = {isa = PBXFileReference; explicitFileType = "wrapper.app-extension"; includeInIndex = 0; path = NotificationContentSwift.appex; sourceTree = BUILT_PRODUCTS_DIR; };
		48BF797D2AB076F20091FF16 /* NotificationViewController.swift */ = {isa = PBXFileReference; lastKnownFileType = sourcecode.swift; path = NotificationViewController.swift; sourceTree = "<group>"; };
		48BF79802AB076F20091FF16 /* Base */ = {isa = PBXFileReference; lastKnownFileType = file.storyboard; name = Base; path = Base.lproj/MainInterface.storyboard; sourceTree = "<group>"; };
		48BF79822AB076F20091FF16 /* Info.plist */ = {isa = PBXFileReference; lastKnownFileType = text.plist.xml; path = Info.plist; sourceTree = "<group>"; };
		494B16C126B01FD7008F32F7 /* Example.entitlements */ = {isa = PBXFileReference; lastKnownFileType = text.plist.entitlements; name = Example.entitlements; path = Example/Example.entitlements; sourceTree = "<group>"; };
		59A64E1CB57DEDF6784E1EA0 /* Pods-NotificationContentSwift.release.xcconfig */ = {isa = PBXFileReference; includeInIndex = 1; lastKnownFileType = text.xcconfig; name = "Pods-NotificationContentSwift.release.xcconfig"; path = "Target Support Files/Pods-NotificationContentSwift/Pods-NotificationContentSwift.release.xcconfig"; sourceTree = "<group>"; };
		5CDAF8163A120B0E6653507A /* Pods-Example.debug.xcconfig */ = {isa = PBXFileReference; includeInIndex = 1; lastKnownFileType = text.xcconfig; name = "Pods-Example.debug.xcconfig"; path = "Target Support Files/Pods-Example/Pods-Example.debug.xcconfig"; sourceTree = "<group>"; };
		73C88AB325F594C5AD9B8C55 /* Pods-NotificationServiceSwift.release.xcconfig */ = {isa = PBXFileReference; includeInIndex = 1; lastKnownFileType = text.xcconfig; name = "Pods-NotificationServiceSwift.release.xcconfig"; path = "Target Support Files/Pods-NotificationServiceSwift/Pods-NotificationServiceSwift.release.xcconfig"; sourceTree = "<group>"; };
		7C33252DD165317E32A556B4 /* libPods-NotificationContentSwift.a */ = {isa = PBXFileReference; explicitFileType = archive.ar; includeInIndex = 0; path = "libPods-NotificationContentSwift.a"; sourceTree = BUILT_PRODUCTS_DIR; };
		81AB9BB72411601600AC10FF /* LaunchScreen.storyboard */ = {isa = PBXFileReference; fileEncoding = 4; lastKnownFileType = file.storyboard; name = LaunchScreen.storyboard; path = Example/LaunchScreen.storyboard; sourceTree = "<group>"; };
		89BF3B99D0D5F2039BFC2BA7 /* Pods-NotificationContent.debug.xcconfig */ = {isa = PBXFileReference; includeInIndex = 1; lastKnownFileType = text.xcconfig; name = "Pods-NotificationContent.debug.xcconfig"; path = "Target Support Files/Pods-NotificationContent/Pods-NotificationContent.debug.xcconfig"; sourceTree = "<group>"; };
		9A4C3DD3EBC1242A62F0E22B /* PrivacyInfo.xcprivacy */ = {isa = PBXFileReference; includeInIndex = 1; lastKnownFileType = file; name = PrivacyInfo.xcprivacy; path = Example/PrivacyInfo.xcprivacy; sourceTree = "<group>"; };
		9A4F85D67D5B0F893CB3B7DD /* Pods-NotificationContent.release.xcconfig */ = {isa = PBXFileReference; includeInIndex = 1; lastKnownFileType = text.xcconfig; name = "Pods-NotificationContent.release.xcconfig"; path = "Target Support Files/Pods-NotificationContent/Pods-NotificationContent.release.xcconfig"; sourceTree = "<group>"; };
		9CF297EC709EB6ACF8061CA3 /* Pods-Example.release.xcconfig */ = {isa = PBXFileReference; includeInIndex = 1; lastKnownFileType = text.xcconfig; name = "Pods-Example.release.xcconfig"; path = "Target Support Files/Pods-Example/Pods-Example.release.xcconfig"; sourceTree = "<group>"; };
		BD5B019CABBC37FC10FB2664 /* Pods-NotificationServiceSwift.debug.xcconfig */ = {isa = PBXFileReference; includeInIndex = 1; lastKnownFileType = text.xcconfig; name = "Pods-NotificationServiceSwift.debug.xcconfig"; path = "Target Support Files/Pods-NotificationServiceSwift/Pods-NotificationServiceSwift.debug.xcconfig"; sourceTree = "<group>"; };
		DEC195091200DD33134801AA /* libPods-NotificationContent.a */ = {isa = PBXFileReference; explicitFileType = archive.ar; includeInIndex = 0; path = "libPods-NotificationContent.a"; sourceTree = BUILT_PRODUCTS_DIR; };
		E76E52FCD16B805CA63C3A86 /* Pods-NotificationContentSwift.debug.xcconfig */ = {isa = PBXFileReference; includeInIndex = 1; lastKnownFileType = text.xcconfig; name = "Pods-NotificationContentSwift.debug.xcconfig"; path = "Target Support Files/Pods-NotificationContentSwift/Pods-NotificationContentSwift.debug.xcconfig"; sourceTree = "<group>"; };
		ED297162215061F000B7C4FE /* JavaScriptCore.framework */ = {isa = PBXFileReference; lastKnownFileType = wrapper.framework; name = JavaScriptCore.framework; path = System/Library/Frameworks/JavaScriptCore.framework; sourceTree = SDKROOT; };
		EE80A1163F6D4E85C40F4854 /* libPods-NotificationServiceSwift.a */ = {isa = PBXFileReference; explicitFileType = archive.ar; includeInIndex = 0; path = "libPods-NotificationServiceSwift.a"; sourceTree = BUILT_PRODUCTS_DIR; };
		F5C8970D6BA80692BF97003D /* libPods-NotificationService.a */ = {isa = PBXFileReference; explicitFileType = archive.ar; includeInIndex = 0; path = "libPods-NotificationService.a"; sourceTree = BUILT_PRODUCTS_DIR; };
/* End PBXFileReference section */

/* Begin PBXFrameworksBuildPhase section */
		13B07F8C1A680F5B00A75B9A /* Frameworks */ = {
			isa = PBXFrameworksBuildPhase;
			buildActionMask = 2147483647;
			files = (
				0BE6D19D6175C1EA2EB1B573 /* libPods-Example.a in Frameworks */,
			);
			runOnlyForDeploymentPostprocessing = 0;
		};
		48BF78BB2AA5B5110091FF16 /* Frameworks */ = {
			isa = PBXFrameworksBuildPhase;
			buildActionMask = 2147483647;
			files = (
				4392402C43F4132A115E1138 /* libPods-NotificationService.a in Frameworks */,
			);
			runOnlyForDeploymentPostprocessing = 0;
		};
		48BF790E2AA7037E0091FF16 /* Frameworks */ = {
			isa = PBXFrameworksBuildPhase;
			buildActionMask = 2147483647;
			files = (
				48BF79152AA7037E0091FF16 /* UserNotificationsUI.framework in Frameworks */,
				48BF79132AA7037E0091FF16 /* UserNotifications.framework in Frameworks */,
				FFDFBBA910887882FBEAC7E1 /* libPods-NotificationContent.a in Frameworks */,
			);
			runOnlyForDeploymentPostprocessing = 0;
		};
		48BF79672AB076DA0091FF16 /* Frameworks */ = {
			isa = PBXFrameworksBuildPhase;
			buildActionMask = 2147483647;
			files = (
				2E99F3691820957DA1663D14 /* libPods-NotificationServiceSwift.a in Frameworks */,
			);
			runOnlyForDeploymentPostprocessing = 0;
		};
		48BF79762AB076F10091FF16 /* Frameworks */ = {
			isa = PBXFrameworksBuildPhase;
			buildActionMask = 2147483647;
			files = (
				48BF797B2AB076F20091FF16 /* UserNotificationsUI.framework in Frameworks */,
				48BF797A2AB076F10091FF16 /* UserNotifications.framework in Frameworks */,
				C28EE22363709BEF624F9F1E /* libPods-NotificationContentSwift.a in Frameworks */,
			);
			runOnlyForDeploymentPostprocessing = 0;
		};
/* End PBXFrameworksBuildPhase section */

/* Begin PBXGroup section */
		13B07FAE1A68108700A75B9A /* Example */ = {
			isa = PBXGroup;
			children = (
				494B16C126B01FD7008F32F7 /* Example.entitlements */,
				13B07FAF1A68108700A75B9A /* AppDelegate.h */,
				13B07FB01A68108700A75B9A /* AppDelegate.mm */,
				13B07FB51A68108700A75B9A /* Images.xcassets */,
				13B07FB61A68108700A75B9A /* Info.plist */,
				81AB9BB72411601600AC10FF /* LaunchScreen.storyboard */,
				13B07FB71A68108700A75B9A /* main.m */,
				9A4C3DD3EBC1242A62F0E22B /* PrivacyInfo.xcprivacy */,
			);
			name = Example;
			sourceTree = "<group>";
		};
		2D16E6871FA4F8E400B85C8A /* Frameworks */ = {
			isa = PBXGroup;
			children = (
				ED297162215061F000B7C4FE /* JavaScriptCore.framework */,
				48BF79122AA7037E0091FF16 /* UserNotifications.framework */,
				48BF79142AA7037E0091FF16 /* UserNotificationsUI.framework */,
				35C0D77F08F13FB76F737463 /* libPods-Example.a */,
				DEC195091200DD33134801AA /* libPods-NotificationContent.a */,
				7C33252DD165317E32A556B4 /* libPods-NotificationContentSwift.a */,
				F5C8970D6BA80692BF97003D /* libPods-NotificationService.a */,
				EE80A1163F6D4E85C40F4854 /* libPods-NotificationServiceSwift.a */,
			);
			name = Frameworks;
			sourceTree = "<group>";
		};
		48BF78BF2AA5B5110091FF16 /* NotificationService */ = {
			isa = PBXGroup;
			children = (
				48BF78C02AA5B5110091FF16 /* NotificationService.h */,
				48BF78C12AA5B5110091FF16 /* NotificationService.m */,
				48BF78C32AA5B5110091FF16 /* Info.plist */,
			);
			path = NotificationService;
			sourceTree = "<group>";
		};
		48BF79162AA7037E0091FF16 /* NotificationContent */ = {
			isa = PBXGroup;
			children = (
				48BF79172AA7037E0091FF16 /* NotificationViewController.h */,
				48BF79182AA7037E0091FF16 /* NotificationViewController.m */,
				48BF791A2AA7037E0091FF16 /* MainInterface.storyboard */,
				48BF791D2AA7037E0091FF16 /* Info.plist */,
			);
			path = NotificationContent;
			sourceTree = "<group>";
		};
		48BF796B2AB076DA0091FF16 /* NotificationServiceSwift */ = {
			isa = PBXGroup;
			children = (
				48BF796C2AB076DA0091FF16 /* NotificationService.swift */,
				48BF796E2AB076DA0091FF16 /* Info.plist */,
			);
			path = NotificationServiceSwift;
			sourceTree = "<group>";
		};
		48BF797C2AB076F20091FF16 /* NotificationContentSwift */ = {
			isa = PBXGroup;
			children = (
				48BF797D2AB076F20091FF16 /* NotificationViewController.swift */,
				48BF797F2AB076F20091FF16 /* MainInterface.storyboard */,
				48BF79822AB076F20091FF16 /* Info.plist */,
			);
			path = NotificationContentSwift;
			sourceTree = "<group>";
		};
		7168044AA71FBFBA4A3B8E24 /* Pods */ = {
			isa = PBXGroup;
			children = (
				5CDAF8163A120B0E6653507A /* Pods-Example.debug.xcconfig */,
				9CF297EC709EB6ACF8061CA3 /* Pods-Example.release.xcconfig */,
				89BF3B99D0D5F2039BFC2BA7 /* Pods-NotificationContent.debug.xcconfig */,
				9A4F85D67D5B0F893CB3B7DD /* Pods-NotificationContent.release.xcconfig */,
				E76E52FCD16B805CA63C3A86 /* Pods-NotificationContentSwift.debug.xcconfig */,
				59A64E1CB57DEDF6784E1EA0 /* Pods-NotificationContentSwift.release.xcconfig */,
				14E2F58881084EE312574B68 /* Pods-NotificationService.debug.xcconfig */,
				273ED08C65D1C0D2A1CF924D /* Pods-NotificationService.release.xcconfig */,
				BD5B019CABBC37FC10FB2664 /* Pods-NotificationServiceSwift.debug.xcconfig */,
				73C88AB325F594C5AD9B8C55 /* Pods-NotificationServiceSwift.release.xcconfig */,
			);
			path = Pods;
			sourceTree = "<group>";
		};
		832341AE1AAA6A7D00B99B32 /* Libraries */ = {
			isa = PBXGroup;
			children = (
			);
			name = Libraries;
			sourceTree = "<group>";
		};
		83CBB9F61A601CBA00E9B192 = {
			isa = PBXGroup;
			children = (
				13B07FAE1A68108700A75B9A /* Example */,
				832341AE1AAA6A7D00B99B32 /* Libraries */,
				48BF78BF2AA5B5110091FF16 /* NotificationService */,
				48BF79162AA7037E0091FF16 /* NotificationContent */,
				48BF796B2AB076DA0091FF16 /* NotificationServiceSwift */,
				48BF797C2AB076F20091FF16 /* NotificationContentSwift */,
				83CBBA001A601CBA00E9B192 /* Products */,
				2D16E6871FA4F8E400B85C8A /* Frameworks */,
				7168044AA71FBFBA4A3B8E24 /* Pods */,
			);
			indentWidth = 2;
			sourceTree = "<group>";
			tabWidth = 2;
			usesTabs = 0;
		};
		83CBBA001A601CBA00E9B192 /* Products */ = {
			isa = PBXGroup;
			children = (
				13B07F961A680F5B00A75B9A /* Example.app */,
				48BF78BE2AA5B5110091FF16 /* NotificationService.appex */,
				48BF79112AA7037E0091FF16 /* NotificationContent.appex */,
				48BF796A2AB076DA0091FF16 /* NotificationServiceSwift.appex */,
				48BF79792AB076F10091FF16 /* NotificationContentSwift.appex */,
			);
			name = Products;
			sourceTree = "<group>";
		};
/* End PBXGroup section */

/* Begin PBXNativeTarget section */
		13B07F861A680F5B00A75B9A /* Example */ = {
			isa = PBXNativeTarget;
			buildConfigurationList = 13B07F931A680F5B00A75B9A /* Build configuration list for PBXNativeTarget "Example" */;
			buildPhases = (
				A87C05C1E46C4C8D38A74F4D /* [CP] Check Pods Manifest.lock */,
				FD10A7F022414F080027D42C /* Start Packager */,
				13B07F871A680F5B00A75B9A /* Sources */,
				13B07F8C1A680F5B00A75B9A /* Frameworks */,
				13B07F8E1A680F5B00A75B9A /* Resources */,
				00DD1BFF1BD5951E006B06BC /* Bundle React Native code and images */,
				48BF78CA2AA5B5110091FF16 /* Embed Foundation Extensions */,
				24D747CAC493D4A5F76F01E5 /* [CP] Embed Pods Frameworks */,
				76462FD8122451C4F22BBA83 /* [CP] Copy Pods Resources */,
			);
			buildRules = (
			);
			dependencies = (
				48BF79962AB1A5310091FF16 /* PBXTargetDependency */,
				48BF79942AB19B180091FF16 /* PBXTargetDependency */,
				48BF79922AB19A1A0091FF16 /* PBXTargetDependency */,
				48BF79842AB076F20091FF16 /* PBXTargetDependency */,
			);
			name = Example;
			productName = Example;
			productReference = 13B07F961A680F5B00A75B9A /* Example.app */;
			productType = "com.apple.product-type.application";
		};
		48BF78BD2AA5B5110091FF16 /* NotificationService */ = {
			isa = PBXNativeTarget;
			buildConfigurationList = 48BF78C72AA5B5110091FF16 /* Build configuration list for PBXNativeTarget "NotificationService" */;
			buildPhases = (
				C91311E451C2859BC7A4CB0A /* [CP] Check Pods Manifest.lock */,
				48BF78BA2AA5B5110091FF16 /* Sources */,
				48BF78BB2AA5B5110091FF16 /* Frameworks */,
				48BF78BC2AA5B5110091FF16 /* Resources */,
				2E8A2F682E2484599FAB02D3 /* [CP] Copy Pods Resources */,
			);
			buildRules = (
			);
			dependencies = (
			);
			name = NotificationService;
			productName = NotificationService;
			productReference = 48BF78BE2AA5B5110091FF16 /* NotificationService.appex */;
			productType = "com.apple.product-type.app-extension";
		};
		48BF79102AA7037E0091FF16 /* NotificationContent */ = {
			isa = PBXNativeTarget;
			buildConfigurationList = 48BF79232AA7037F0091FF16 /* Build configuration list for PBXNativeTarget "NotificationContent" */;
			buildPhases = (
				BE98477AD1BF3A9D2E3BF102 /* [CP] Check Pods Manifest.lock */,
				48BF790D2AA7037E0091FF16 /* Sources */,
				48BF790E2AA7037E0091FF16 /* Frameworks */,
				48BF790F2AA7037E0091FF16 /* Resources */,
				7F7B13F03375EFD963D72690 /* [CP] Copy Pods Resources */,
			);
			buildRules = (
			);
			dependencies = (
			);
			name = NotificationContent;
			productName = NotificationContent;
			productReference = 48BF79112AA7037E0091FF16 /* NotificationContent.appex */;
			productType = "com.apple.product-type.app-extension";
		};
		48BF79692AB076DA0091FF16 /* NotificationServiceSwift */ = {
			isa = PBXNativeTarget;
			buildConfigurationList = 48BF79742AB076DB0091FF16 /* Build configuration list for PBXNativeTarget "NotificationServiceSwift" */;
			buildPhases = (
				BB2441C0460E4ADADE6F279A /* [CP] Check Pods Manifest.lock */,
				48BF79662AB076DA0091FF16 /* Sources */,
				48BF79672AB076DA0091FF16 /* Frameworks */,
				48BF79682AB076DA0091FF16 /* Resources */,
				4283A0E1A5F17492A4A79D79 /* [CP] Copy Pods Resources */,
			);
			buildRules = (
			);
			dependencies = (
			);
			name = NotificationServiceSwift;
			productName = NotificationServiceSwift;
			productReference = 48BF796A2AB076DA0091FF16 /* NotificationServiceSwift.appex */;
			productType = "com.apple.product-type.app-extension";
		};
		48BF79782AB076F10091FF16 /* NotificationContentSwift */ = {
			isa = PBXNativeTarget;
			buildConfigurationList = 48BF79862AB076F20091FF16 /* Build configuration list for PBXNativeTarget "NotificationContentSwift" */;
			buildPhases = (
				6CED204073B86C306A7E710D /* [CP] Check Pods Manifest.lock */,
				48BF79752AB076F10091FF16 /* Sources */,
				48BF79762AB076F10091FF16 /* Frameworks */,
				48BF79772AB076F10091FF16 /* Resources */,
				39429C254317BAF5D73719EE /* [CP] Copy Pods Resources */,
			);
			buildRules = (
			);
			dependencies = (
			);
			name = NotificationContentSwift;
			productName = NotificationContentSwift;
			productReference = 48BF79792AB076F10091FF16 /* NotificationContentSwift.appex */;
			productType = "com.apple.product-type.app-extension";
		};
/* End PBXNativeTarget section */

/* Begin PBXProject section */
		83CBB9F71A601CBA00E9B192 /* Project object */ = {
			isa = PBXProject;
			attributes = {
				LastSwiftUpdateCheck = 1430;
				LastUpgradeCheck = 1250;
				TargetAttributes = {
					13B07F861A680F5B00A75B9A = {
						LastSwiftMigration = 1120;
					};
					48BF78BD2AA5B5110091FF16 = {
						CreatedOnToolsVersion = 14.3;
					};
					48BF79102AA7037E0091FF16 = {
						CreatedOnToolsVersion = 14.3;
					};
					48BF79692AB076DA0091FF16 = {
						CreatedOnToolsVersion = 14.3;
					};
					48BF79782AB076F10091FF16 = {
						CreatedOnToolsVersion = 14.3;
					};
				};
			};
			buildConfigurationList = 83CBB9FA1A601CBA00E9B192 /* Build configuration list for PBXProject "Example" */;
			compatibilityVersion = "Xcode 12.0";
			developmentRegion = en;
			hasScannedForEncodings = 0;
			knownRegions = (
				en,
				Base,
			);
			mainGroup = 83CBB9F61A601CBA00E9B192;
			productRefGroup = 83CBBA001A601CBA00E9B192 /* Products */;
			projectDirPath = "";
			projectRoot = "";
			targets = (
				13B07F861A680F5B00A75B9A /* Example */,
				48BF78BD2AA5B5110091FF16 /* NotificationService */,
				48BF79102AA7037E0091FF16 /* NotificationContent */,
				48BF79692AB076DA0091FF16 /* NotificationServiceSwift */,
				48BF79782AB076F10091FF16 /* NotificationContentSwift */,
			);
		};
/* End PBXProject section */

/* Begin PBXResourcesBuildPhase section */
		13B07F8E1A680F5B00A75B9A /* Resources */ = {
			isa = PBXResourcesBuildPhase;
			buildActionMask = 2147483647;
			files = (
				81AB9BB82411601600AC10FF /* LaunchScreen.storyboard in Resources */,
				13B07FBF1A68108700A75B9A /* Images.xcassets in Resources */,
				685D0A42F74FC38D84284799 /* PrivacyInfo.xcprivacy in Resources */,
			);
			runOnlyForDeploymentPostprocessing = 0;
		};
		48BF78BC2AA5B5110091FF16 /* Resources */ = {
			isa = PBXResourcesBuildPhase;
			buildActionMask = 2147483647;
			files = (
			);
			runOnlyForDeploymentPostprocessing = 0;
		};
		48BF790F2AA7037E0091FF16 /* Resources */ = {
			isa = PBXResourcesBuildPhase;
			buildActionMask = 2147483647;
			files = (
				48BF791C2AA7037E0091FF16 /* MainInterface.storyboard in Resources */,
			);
			runOnlyForDeploymentPostprocessing = 0;
		};
		48BF79682AB076DA0091FF16 /* Resources */ = {
			isa = PBXResourcesBuildPhase;
			buildActionMask = 2147483647;
			files = (
			);
			runOnlyForDeploymentPostprocessing = 0;
		};
		48BF79772AB076F10091FF16 /* Resources */ = {
			isa = PBXResourcesBuildPhase;
			buildActionMask = 2147483647;
			files = (
				48BF79812AB076F20091FF16 /* MainInterface.storyboard in Resources */,
			);
			runOnlyForDeploymentPostprocessing = 0;
		};
/* End PBXResourcesBuildPhase section */

/* Begin PBXShellScriptBuildPhase section */
		00DD1BFF1BD5951E006B06BC /* Bundle React Native code and images */ = {
			isa = PBXShellScriptBuildPhase;
			buildActionMask = 12;
			files = (
			);
			inputPaths = (
			);
			name = "Bundle React Native code and images";
			outputPaths = (
			);
			runOnlyForDeploymentPostprocessing = 0;
			shellPath = /bin/sh;
			shellScript = "if [[ -s \"$HOME/.nvm/nvm.sh\" ]]; then\n. \"$HOME/.nvm/nvm.sh\"\nelif [[ -x \"$(command -v brew)\" && -s \"$(brew --prefix nvm)/nvm.sh\" ]]; then\n. \"$(brew --prefix nvm)/nvm.sh\"\nfi\n\nexport NODE_BINARY=/Users/aishwarya.nanna/.nvm/versions/node/v18.0.0/bin/node\n../node_modules/react-native/scripts/react-native-xcode.sh\n";
		};
		24D747CAC493D4A5F76F01E5 /* [CP] Embed Pods Frameworks */ = {
			isa = PBXShellScriptBuildPhase;
			buildActionMask = 2147483647;
			files = (
			);
			inputFileListPaths = (
				"${PODS_ROOT}/Target Support Files/Pods-Example/Pods-Example-frameworks-${CONFIGURATION}-input-files.xcfilelist",
			);
			name = "[CP] Embed Pods Frameworks";
			outputFileListPaths = (
				"${PODS_ROOT}/Target Support Files/Pods-Example/Pods-Example-frameworks-${CONFIGURATION}-output-files.xcfilelist",
			);
			runOnlyForDeploymentPostprocessing = 0;
			shellPath = /bin/sh;
			shellScript = "\"${PODS_ROOT}/Target Support Files/Pods-Example/Pods-Example-frameworks.sh\"\n";
			showEnvVarsInLog = 0;
		};
		2E8A2F682E2484599FAB02D3 /* [CP] Copy Pods Resources */ = {
			isa = PBXShellScriptBuildPhase;
			buildActionMask = 2147483647;
			files = (
			);
			inputFileListPaths = (
				"${PODS_ROOT}/Target Support Files/Pods-NotificationService/Pods-NotificationService-resources-${CONFIGURATION}-input-files.xcfilelist",
			);
			name = "[CP] Copy Pods Resources";
			outputFileListPaths = (
				"${PODS_ROOT}/Target Support Files/Pods-NotificationService/Pods-NotificationService-resources-${CONFIGURATION}-output-files.xcfilelist",
			);
			runOnlyForDeploymentPostprocessing = 0;
			shellPath = /bin/sh;
			shellScript = "\"${PODS_ROOT}/Target Support Files/Pods-NotificationService/Pods-NotificationService-resources.sh\"\n";
			showEnvVarsInLog = 0;
		};
		39429C254317BAF5D73719EE /* [CP] Copy Pods Resources */ = {
			isa = PBXShellScriptBuildPhase;
			buildActionMask = 2147483647;
			files = (
			);
			inputFileListPaths = (
				"${PODS_ROOT}/Target Support Files/Pods-NotificationContentSwift/Pods-NotificationContentSwift-resources-${CONFIGURATION}-input-files.xcfilelist",
			);
			name = "[CP] Copy Pods Resources";
			outputFileListPaths = (
				"${PODS_ROOT}/Target Support Files/Pods-NotificationContentSwift/Pods-NotificationContentSwift-resources-${CONFIGURATION}-output-files.xcfilelist",
			);
			runOnlyForDeploymentPostprocessing = 0;
			shellPath = /bin/sh;
			shellScript = "\"${PODS_ROOT}/Target Support Files/Pods-NotificationContentSwift/Pods-NotificationContentSwift-resources.sh\"\n";
			showEnvVarsInLog = 0;
		};
		4283A0E1A5F17492A4A79D79 /* [CP] Copy Pods Resources */ = {
			isa = PBXShellScriptBuildPhase;
			buildActionMask = 2147483647;
			files = (
			);
			inputFileListPaths = (
				"${PODS_ROOT}/Target Support Files/Pods-NotificationServiceSwift/Pods-NotificationServiceSwift-resources-${CONFIGURATION}-input-files.xcfilelist",
			);
			name = "[CP] Copy Pods Resources";
			outputFileListPaths = (
				"${PODS_ROOT}/Target Support Files/Pods-NotificationServiceSwift/Pods-NotificationServiceSwift-resources-${CONFIGURATION}-output-files.xcfilelist",
			);
			runOnlyForDeploymentPostprocessing = 0;
			shellPath = /bin/sh;
			shellScript = "\"${PODS_ROOT}/Target Support Files/Pods-NotificationServiceSwift/Pods-NotificationServiceSwift-resources.sh\"\n";
			showEnvVarsInLog = 0;
		};
		6CED204073B86C306A7E710D /* [CP] Check Pods Manifest.lock */ = {
			isa = PBXShellScriptBuildPhase;
			buildActionMask = 2147483647;
			files = (
			);
			inputFileListPaths = (
			);
			inputPaths = (
				"${PODS_PODFILE_DIR_PATH}/Podfile.lock",
				"${PODS_ROOT}/Manifest.lock",
			);
			name = "[CP] Check Pods Manifest.lock";
			outputFileListPaths = (
			);
			outputPaths = (
				"$(DERIVED_FILE_DIR)/Pods-NotificationContentSwift-checkManifestLockResult.txt",
			);
			runOnlyForDeploymentPostprocessing = 0;
			shellPath = /bin/sh;
			shellScript = "diff \"${PODS_PODFILE_DIR_PATH}/Podfile.lock\" \"${PODS_ROOT}/Manifest.lock\" > /dev/null\nif [ $? != 0 ] ; then\n    # print error to STDERR\n    echo \"error: The sandbox is not in sync with the Podfile.lock. Run 'pod install' or update your CocoaPods installation.\" >&2\n    exit 1\nfi\n# This output is used by Xcode 'outputs' to avoid re-running this script phase.\necho \"SUCCESS\" > \"${SCRIPT_OUTPUT_FILE_0}\"\n";
			showEnvVarsInLog = 0;
		};
		76462FD8122451C4F22BBA83 /* [CP] Copy Pods Resources */ = {
			isa = PBXShellScriptBuildPhase;
			buildActionMask = 2147483647;
			files = (
			);
			inputFileListPaths = (
				"${PODS_ROOT}/Target Support Files/Pods-Example/Pods-Example-resources-${CONFIGURATION}-input-files.xcfilelist",
			);
			name = "[CP] Copy Pods Resources";
			outputFileListPaths = (
				"${PODS_ROOT}/Target Support Files/Pods-Example/Pods-Example-resources-${CONFIGURATION}-output-files.xcfilelist",
			);
			runOnlyForDeploymentPostprocessing = 0;
			shellPath = /bin/sh;
			shellScript = "\"${PODS_ROOT}/Target Support Files/Pods-Example/Pods-Example-resources.sh\"\n";
			showEnvVarsInLog = 0;
		};
		7F7B13F03375EFD963D72690 /* [CP] Copy Pods Resources */ = {
			isa = PBXShellScriptBuildPhase;
			buildActionMask = 2147483647;
			files = (
			);
			inputFileListPaths = (
				"${PODS_ROOT}/Target Support Files/Pods-NotificationContent/Pods-NotificationContent-resources-${CONFIGURATION}-input-files.xcfilelist",
			);
			name = "[CP] Copy Pods Resources";
			outputFileListPaths = (
				"${PODS_ROOT}/Target Support Files/Pods-NotificationContent/Pods-NotificationContent-resources-${CONFIGURATION}-output-files.xcfilelist",
			);
			runOnlyForDeploymentPostprocessing = 0;
			shellPath = /bin/sh;
			shellScript = "\"${PODS_ROOT}/Target Support Files/Pods-NotificationContent/Pods-NotificationContent-resources.sh\"\n";
			showEnvVarsInLog = 0;
		};
		A87C05C1E46C4C8D38A74F4D /* [CP] Check Pods Manifest.lock */ = {
			isa = PBXShellScriptBuildPhase;
			buildActionMask = 2147483647;
			files = (
			);
			inputFileListPaths = (
			);
			inputPaths = (
				"${PODS_PODFILE_DIR_PATH}/Podfile.lock",
				"${PODS_ROOT}/Manifest.lock",
			);
			name = "[CP] Check Pods Manifest.lock";
			outputFileListPaths = (
			);
			outputPaths = (
				"$(DERIVED_FILE_DIR)/Pods-Example-checkManifestLockResult.txt",
			);
			runOnlyForDeploymentPostprocessing = 0;
			shellPath = /bin/sh;
			shellScript = "diff \"${PODS_PODFILE_DIR_PATH}/Podfile.lock\" \"${PODS_ROOT}/Manifest.lock\" > /dev/null\nif [ $? != 0 ] ; then\n    # print error to STDERR\n    echo \"error: The sandbox is not in sync with the Podfile.lock. Run 'pod install' or update your CocoaPods installation.\" >&2\n    exit 1\nfi\n# This output is used by Xcode 'outputs' to avoid re-running this script phase.\necho \"SUCCESS\" > \"${SCRIPT_OUTPUT_FILE_0}\"\n";
			showEnvVarsInLog = 0;
		};
		BB2441C0460E4ADADE6F279A /* [CP] Check Pods Manifest.lock */ = {
			isa = PBXShellScriptBuildPhase;
			buildActionMask = 2147483647;
			files = (
			);
			inputFileListPaths = (
			);
			inputPaths = (
				"${PODS_PODFILE_DIR_PATH}/Podfile.lock",
				"${PODS_ROOT}/Manifest.lock",
			);
			name = "[CP] Check Pods Manifest.lock";
			outputFileListPaths = (
			);
			outputPaths = (
				"$(DERIVED_FILE_DIR)/Pods-NotificationServiceSwift-checkManifestLockResult.txt",
			);
			runOnlyForDeploymentPostprocessing = 0;
			shellPath = /bin/sh;
			shellScript = "diff \"${PODS_PODFILE_DIR_PATH}/Podfile.lock\" \"${PODS_ROOT}/Manifest.lock\" > /dev/null\nif [ $? != 0 ] ; then\n    # print error to STDERR\n    echo \"error: The sandbox is not in sync with the Podfile.lock. Run 'pod install' or update your CocoaPods installation.\" >&2\n    exit 1\nfi\n# This output is used by Xcode 'outputs' to avoid re-running this script phase.\necho \"SUCCESS\" > \"${SCRIPT_OUTPUT_FILE_0}\"\n";
			showEnvVarsInLog = 0;
		};
		BE98477AD1BF3A9D2E3BF102 /* [CP] Check Pods Manifest.lock */ = {
			isa = PBXShellScriptBuildPhase;
			buildActionMask = 2147483647;
			files = (
			);
			inputFileListPaths = (
			);
			inputPaths = (
				"${PODS_PODFILE_DIR_PATH}/Podfile.lock",
				"${PODS_ROOT}/Manifest.lock",
			);
			name = "[CP] Check Pods Manifest.lock";
			outputFileListPaths = (
			);
			outputPaths = (
				"$(DERIVED_FILE_DIR)/Pods-NotificationContent-checkManifestLockResult.txt",
			);
			runOnlyForDeploymentPostprocessing = 0;
			shellPath = /bin/sh;
			shellScript = "diff \"${PODS_PODFILE_DIR_PATH}/Podfile.lock\" \"${PODS_ROOT}/Manifest.lock\" > /dev/null\nif [ $? != 0 ] ; then\n    # print error to STDERR\n    echo \"error: The sandbox is not in sync with the Podfile.lock. Run 'pod install' or update your CocoaPods installation.\" >&2\n    exit 1\nfi\n# This output is used by Xcode 'outputs' to avoid re-running this script phase.\necho \"SUCCESS\" > \"${SCRIPT_OUTPUT_FILE_0}\"\n";
			showEnvVarsInLog = 0;
		};
		C91311E451C2859BC7A4CB0A /* [CP] Check Pods Manifest.lock */ = {
			isa = PBXShellScriptBuildPhase;
			buildActionMask = 2147483647;
			files = (
			);
			inputFileListPaths = (
			);
			inputPaths = (
				"${PODS_PODFILE_DIR_PATH}/Podfile.lock",
				"${PODS_ROOT}/Manifest.lock",
			);
			name = "[CP] Check Pods Manifest.lock";
			outputFileListPaths = (
			);
			outputPaths = (
				"$(DERIVED_FILE_DIR)/Pods-NotificationService-checkManifestLockResult.txt",
			);
			runOnlyForDeploymentPostprocessing = 0;
			shellPath = /bin/sh;
			shellScript = "diff \"${PODS_PODFILE_DIR_PATH}/Podfile.lock\" \"${PODS_ROOT}/Manifest.lock\" > /dev/null\nif [ $? != 0 ] ; then\n    # print error to STDERR\n    echo \"error: The sandbox is not in sync with the Podfile.lock. Run 'pod install' or update your CocoaPods installation.\" >&2\n    exit 1\nfi\n# This output is used by Xcode 'outputs' to avoid re-running this script phase.\necho \"SUCCESS\" > \"${SCRIPT_OUTPUT_FILE_0}\"\n";
			showEnvVarsInLog = 0;
		};
		FD10A7F022414F080027D42C /* Start Packager */ = {
			isa = PBXShellScriptBuildPhase;
			buildActionMask = 2147483647;
			files = (
			);
			inputFileListPaths = (
			);
			inputPaths = (
			);
			name = "Start Packager";
			outputFileListPaths = (
			);
			outputPaths = (
			);
			runOnlyForDeploymentPostprocessing = 0;
			shellPath = /bin/sh;
			shellScript = "export RCT_METRO_PORT=\"${RCT_METRO_PORT:=8081}\"\necho \"export RCT_METRO_PORT=${RCT_METRO_PORT}\" > \"${SRCROOT}/../node_modules/react-native/scripts/.packager.env\"\nif [ -z \"${RCT_NO_LAUNCH_PACKAGER+xxx}\" ] ; then\n  if nc -w 5 -z localhost ${RCT_METRO_PORT} ; then\n    if ! curl -s \"http://localhost:${RCT_METRO_PORT}/status\" | grep -q \"packager-status:running\" ; then\n      echo \"Port ${RCT_METRO_PORT} already in use, packager is either not running or not running correctly\"\n      exit 2\n    fi\n  else\n    open \"$SRCROOT/../node_modules/react-native/scripts/launchPackager.command\" || echo \"Can't start packager automatically\"\n  fi\nfi\n";
			showEnvVarsInLog = 0;
		};
/* End PBXShellScriptBuildPhase section */

/* Begin PBXSourcesBuildPhase section */
		13B07F871A680F5B00A75B9A /* Sources */ = {
			isa = PBXSourcesBuildPhase;
			buildActionMask = 2147483647;
			files = (
				13B07FBC1A68108700A75B9A /* AppDelegate.mm in Sources */,
				13B07FC11A68108700A75B9A /* main.m in Sources */,
			);
			runOnlyForDeploymentPostprocessing = 0;
		};
		48BF78BA2AA5B5110091FF16 /* Sources */ = {
			isa = PBXSourcesBuildPhase;
			buildActionMask = 2147483647;
			files = (
				48BF78C22AA5B5110091FF16 /* NotificationService.m in Sources */,
			);
			runOnlyForDeploymentPostprocessing = 0;
		};
		48BF790D2AA7037E0091FF16 /* Sources */ = {
			isa = PBXSourcesBuildPhase;
			buildActionMask = 2147483647;
			files = (
				48BF79192AA7037E0091FF16 /* NotificationViewController.m in Sources */,
			);
			runOnlyForDeploymentPostprocessing = 0;
		};
		48BF79662AB076DA0091FF16 /* Sources */ = {
			isa = PBXSourcesBuildPhase;
			buildActionMask = 2147483647;
			files = (
				48BF796D2AB076DA0091FF16 /* NotificationService.swift in Sources */,
			);
			runOnlyForDeploymentPostprocessing = 0;
		};
		48BF79752AB076F10091FF16 /* Sources */ = {
			isa = PBXSourcesBuildPhase;
			buildActionMask = 2147483647;
			files = (
				48BF797E2AB076F20091FF16 /* NotificationViewController.swift in Sources */,
			);
			runOnlyForDeploymentPostprocessing = 0;
		};
/* End PBXSourcesBuildPhase section */

/* Begin PBXTargetDependency section */
		48BF79842AB076F20091FF16 /* PBXTargetDependency */ = {
			isa = PBXTargetDependency;
			target = 48BF79782AB076F10091FF16 /* NotificationContentSwift */;
			targetProxy = 48BF79832AB076F20091FF16 /* PBXContainerItemProxy */;
		};
		48BF79922AB19A1A0091FF16 /* PBXTargetDependency */ = {
			isa = PBXTargetDependency;
			target = 48BF79102AA7037E0091FF16 /* NotificationContent */;
			targetProxy = 48BF79912AB19A1A0091FF16 /* PBXContainerItemProxy */;
		};
		48BF79942AB19B180091FF16 /* PBXTargetDependency */ = {
			isa = PBXTargetDependency;
			target = 48BF78BD2AA5B5110091FF16 /* NotificationService */;
			targetProxy = 48BF79932AB19B180091FF16 /* PBXContainerItemProxy */;
		};
		48BF79962AB1A5310091FF16 /* PBXTargetDependency */ = {
			isa = PBXTargetDependency;
			target = 48BF79692AB076DA0091FF16 /* NotificationServiceSwift */;
			targetProxy = 48BF79952AB1A5310091FF16 /* PBXContainerItemProxy */;
		};
/* End PBXTargetDependency section */

/* Begin PBXVariantGroup section */
		48BF791A2AA7037E0091FF16 /* MainInterface.storyboard */ = {
			isa = PBXVariantGroup;
			children = (
				48BF791B2AA7037E0091FF16 /* Base */,
			);
			name = MainInterface.storyboard;
			sourceTree = "<group>";
		};
		48BF797F2AB076F20091FF16 /* MainInterface.storyboard */ = {
			isa = PBXVariantGroup;
			children = (
				48BF79802AB076F20091FF16 /* Base */,
			);
			name = MainInterface.storyboard;
			sourceTree = "<group>";
		};
/* End PBXVariantGroup section */

/* Begin XCBuildConfiguration section */
		13B07F941A680F5B00A75B9A /* Debug */ = {
			isa = XCBuildConfiguration;
			baseConfigurationReference = 5CDAF8163A120B0E6653507A /* Pods-Example.debug.xcconfig */;
			buildSettings = {
				ALWAYS_EMBED_SWIFT_STANDARD_LIBRARIES = YES;
				ASSETCATALOG_COMPILER_APPICON_NAME = AppIcon;
				CLANG_ENABLE_MODULES = YES;
				CODE_SIGN_ENTITLEMENTS = Example/Example.entitlements;
				CURRENT_PROJECT_VERSION = 1;
				DEVELOPMENT_TEAM = A5J34NR598;
				ENABLE_BITCODE = NO;
				INFOPLIST_FILE = Example/Info.plist;
				LD_RUNPATH_SEARCH_PATHS = (
					"$(inherited)",
					"@executable_path/Frameworks",
				);
				LIBRARY_SEARCH_PATHS = (
					"$(SDKROOT)/usr/lib/swift",
					"$(inherited)",
				);
				OTHER_LDFLAGS = (
					"$(inherited)",
					"-ObjC",
					"-lc++",
				);
				PRODUCT_BUNDLE_IDENTIFIER = com.clevertap.demo;
				PRODUCT_NAME = Example;
				SWIFT_OPTIMIZATION_LEVEL = "-Onone";
				SWIFT_VERSION = 5.0;
				TARGETED_DEVICE_FAMILY = "1,2";
				VERSIONING_SYSTEM = "apple-generic";
			};
			name = Debug;
		};
		13B07F951A680F5B00A75B9A /* Release */ = {
			isa = XCBuildConfiguration;
			baseConfigurationReference = 9CF297EC709EB6ACF8061CA3 /* Pods-Example.release.xcconfig */;
			buildSettings = {
				ALWAYS_EMBED_SWIFT_STANDARD_LIBRARIES = YES;
				ASSETCATALOG_COMPILER_APPICON_NAME = AppIcon;
				CLANG_ENABLE_MODULES = YES;
				CODE_SIGN_ENTITLEMENTS = Example/Example.entitlements;
				CURRENT_PROJECT_VERSION = 1;
				DEVELOPMENT_TEAM = A5J34NR598;
				INFOPLIST_FILE = Example/Info.plist;
				LD_RUNPATH_SEARCH_PATHS = (
					"$(inherited)",
					"@executable_path/Frameworks",
				);
				LIBRARY_SEARCH_PATHS = (
					"$(SDKROOT)/usr/lib/swift",
					"$(inherited)",
				);
				OTHER_LDFLAGS = (
					"$(inherited)",
					"-ObjC",
					"-lc++",
				);
				PRODUCT_BUNDLE_IDENTIFIER = com.clevertap.demo;
				PRODUCT_NAME = Example;
				SWIFT_VERSION = 5.0;
				TARGETED_DEVICE_FAMILY = "1,2";
				VERSIONING_SYSTEM = "apple-generic";
			};
			name = Release;
		};
		48BF78C82AA5B5110091FF16 /* Debug */ = {
			isa = XCBuildConfiguration;
			baseConfigurationReference = 14E2F58881084EE312574B68 /* Pods-NotificationService.debug.xcconfig */;
			buildSettings = {
				CLANG_ANALYZER_NONNULL = YES;
				CLANG_ANALYZER_NUMBER_OBJECT_CONVERSION = YES_AGGRESSIVE;
				CLANG_CXX_LANGUAGE_STANDARD = "gnu++20";
				CLANG_ENABLE_OBJC_WEAK = YES;
				CLANG_WARN_DOCUMENTATION_COMMENTS = YES;
				CLANG_WARN_UNGUARDED_AVAILABILITY = YES_AGGRESSIVE;
				CODE_SIGN_STYLE = Automatic;
				CURRENT_PROJECT_VERSION = 1;
				DEBUG_INFORMATION_FORMAT = dwarf;
				DEVELOPMENT_TEAM = A5J34NR598;
				GCC_C_LANGUAGE_STANDARD = gnu11;
				GENERATE_INFOPLIST_FILE = YES;
				INFOPLIST_FILE = NotificationService/Info.plist;
				INFOPLIST_KEY_CFBundleDisplayName = NotificationService;
				INFOPLIST_KEY_NSHumanReadableCopyright = "";
				IPHONEOS_DEPLOYMENT_TARGET = 16.4;
				LD_RUNPATH_SEARCH_PATHS = (
					"$(inherited)",
					"@executable_path/Frameworks",
					"@executable_path/../../Frameworks",
				);
				LIBRARY_SEARCH_PATHS = (
					"$(SDKROOT)/usr/lib/swift",
					"$(inherited)",
				);
				MARKETING_VERSION = 1.0;
				MTL_ENABLE_DEBUG_INFO = INCLUDE_SOURCE;
				MTL_FAST_MATH = YES;
				PRODUCT_BUNDLE_IDENTIFIER = com.clevertap.demo.NotificationService;
				PRODUCT_NAME = "$(TARGET_NAME)";
				SKIP_INSTALL = YES;
				SWIFT_EMIT_LOC_STRINGS = YES;
				TARGETED_DEVICE_FAMILY = "1,2";
			};
			name = Debug;
		};
		48BF78C92AA5B5110091FF16 /* Release */ = {
			isa = XCBuildConfiguration;
			baseConfigurationReference = 273ED08C65D1C0D2A1CF924D /* Pods-NotificationService.release.xcconfig */;
			buildSettings = {
				CLANG_ANALYZER_NONNULL = YES;
				CLANG_ANALYZER_NUMBER_OBJECT_CONVERSION = YES_AGGRESSIVE;
				CLANG_CXX_LANGUAGE_STANDARD = "gnu++20";
				CLANG_ENABLE_OBJC_WEAK = YES;
				CLANG_WARN_DOCUMENTATION_COMMENTS = YES;
				CLANG_WARN_UNGUARDED_AVAILABILITY = YES_AGGRESSIVE;
				CODE_SIGN_STYLE = Automatic;
				COPY_PHASE_STRIP = NO;
				CURRENT_PROJECT_VERSION = 1;
				DEBUG_INFORMATION_FORMAT = "dwarf-with-dsym";
				DEVELOPMENT_TEAM = A5J34NR598;
				GCC_C_LANGUAGE_STANDARD = gnu11;
				GENERATE_INFOPLIST_FILE = YES;
				INFOPLIST_FILE = NotificationService/Info.plist;
				INFOPLIST_KEY_CFBundleDisplayName = NotificationService;
				INFOPLIST_KEY_NSHumanReadableCopyright = "";
				IPHONEOS_DEPLOYMENT_TARGET = 16.4;
				LD_RUNPATH_SEARCH_PATHS = (
					"$(inherited)",
					"@executable_path/Frameworks",
					"@executable_path/../../Frameworks",
				);
				LIBRARY_SEARCH_PATHS = (
					"$(SDKROOT)/usr/lib/swift",
					"$(inherited)",
				);
				MARKETING_VERSION = 1.0;
				MTL_FAST_MATH = YES;
				PRODUCT_BUNDLE_IDENTIFIER = com.clevertap.demo.NotificationService;
				PRODUCT_NAME = "$(TARGET_NAME)";
				SKIP_INSTALL = YES;
				SWIFT_EMIT_LOC_STRINGS = YES;
				TARGETED_DEVICE_FAMILY = "1,2";
			};
			name = Release;
		};
		48BF79212AA7037F0091FF16 /* Debug */ = {
			isa = XCBuildConfiguration;
			baseConfigurationReference = 89BF3B99D0D5F2039BFC2BA7 /* Pods-NotificationContent.debug.xcconfig */;
			buildSettings = {
				CLANG_ANALYZER_NONNULL = YES;
				CLANG_ANALYZER_NUMBER_OBJECT_CONVERSION = YES_AGGRESSIVE;
				CLANG_CXX_LANGUAGE_STANDARD = "gnu++20";
				CLANG_ENABLE_OBJC_WEAK = YES;
				CLANG_WARN_DOCUMENTATION_COMMENTS = YES;
				CLANG_WARN_UNGUARDED_AVAILABILITY = YES_AGGRESSIVE;
				CODE_SIGN_STYLE = Automatic;
				CURRENT_PROJECT_VERSION = 1;
				DEBUG_INFORMATION_FORMAT = dwarf;
				DEVELOPMENT_TEAM = A5J34NR598;
				GCC_C_LANGUAGE_STANDARD = gnu11;
				GENERATE_INFOPLIST_FILE = YES;
				INFOPLIST_FILE = NotificationContent/Info.plist;
				INFOPLIST_KEY_CFBundleDisplayName = NotificationContent;
				INFOPLIST_KEY_NSHumanReadableCopyright = "";
				IPHONEOS_DEPLOYMENT_TARGET = 16.4;
				LD_RUNPATH_SEARCH_PATHS = (
					"$(inherited)",
					"@executable_path/Frameworks",
					"@executable_path/../../Frameworks",
				);
				LIBRARY_SEARCH_PATHS = (
					"$(SDKROOT)/usr/lib/swift",
					"$(inherited)",
				);
				MARKETING_VERSION = 1.0;
				MTL_ENABLE_DEBUG_INFO = INCLUDE_SOURCE;
				MTL_FAST_MATH = YES;
				PRODUCT_BUNDLE_IDENTIFIER = com.clevertap.demo.NotificationContent;
				PRODUCT_NAME = "$(TARGET_NAME)";
				SKIP_INSTALL = YES;
				SWIFT_EMIT_LOC_STRINGS = YES;
				TARGETED_DEVICE_FAMILY = "1,2";
			};
			name = Debug;
		};
		48BF79222AA7037F0091FF16 /* Release */ = {
			isa = XCBuildConfiguration;
			baseConfigurationReference = 9A4F85D67D5B0F893CB3B7DD /* Pods-NotificationContent.release.xcconfig */;
			buildSettings = {
				CLANG_ANALYZER_NONNULL = YES;
				CLANG_ANALYZER_NUMBER_OBJECT_CONVERSION = YES_AGGRESSIVE;
				CLANG_CXX_LANGUAGE_STANDARD = "gnu++20";
				CLANG_ENABLE_OBJC_WEAK = YES;
				CLANG_WARN_DOCUMENTATION_COMMENTS = YES;
				CLANG_WARN_UNGUARDED_AVAILABILITY = YES_AGGRESSIVE;
				CODE_SIGN_STYLE = Automatic;
				COPY_PHASE_STRIP = NO;
				CURRENT_PROJECT_VERSION = 1;
				DEBUG_INFORMATION_FORMAT = "dwarf-with-dsym";
				DEVELOPMENT_TEAM = A5J34NR598;
				GCC_C_LANGUAGE_STANDARD = gnu11;
				GENERATE_INFOPLIST_FILE = YES;
				INFOPLIST_FILE = NotificationContent/Info.plist;
				INFOPLIST_KEY_CFBundleDisplayName = NotificationContent;
				INFOPLIST_KEY_NSHumanReadableCopyright = "";
				IPHONEOS_DEPLOYMENT_TARGET = 16.4;
				LD_RUNPATH_SEARCH_PATHS = (
					"$(inherited)",
					"@executable_path/Frameworks",
					"@executable_path/../../Frameworks",
				);
				LIBRARY_SEARCH_PATHS = (
					"$(SDKROOT)/usr/lib/swift",
					"$(inherited)",
				);
				MARKETING_VERSION = 1.0;
				MTL_FAST_MATH = YES;
				PRODUCT_BUNDLE_IDENTIFIER = com.clevertap.demo.NotificationContent;
				PRODUCT_NAME = "$(TARGET_NAME)";
				SKIP_INSTALL = YES;
				SWIFT_EMIT_LOC_STRINGS = YES;
				TARGETED_DEVICE_FAMILY = "1,2";
			};
			name = Release;
		};
		48BF79722AB076DB0091FF16 /* Debug */ = {
			isa = XCBuildConfiguration;
			baseConfigurationReference = BD5B019CABBC37FC10FB2664 /* Pods-NotificationServiceSwift.debug.xcconfig */;
			buildSettings = {
				CLANG_ANALYZER_NONNULL = YES;
				CLANG_ANALYZER_NUMBER_OBJECT_CONVERSION = YES_AGGRESSIVE;
				CLANG_CXX_LANGUAGE_STANDARD = "gnu++20";
				CLANG_ENABLE_OBJC_WEAK = YES;
				CLANG_WARN_DOCUMENTATION_COMMENTS = YES;
				CLANG_WARN_UNGUARDED_AVAILABILITY = YES_AGGRESSIVE;
				CODE_SIGN_STYLE = Automatic;
				CURRENT_PROJECT_VERSION = 1;
				DEBUG_INFORMATION_FORMAT = dwarf;
				DEVELOPMENT_TEAM = A5J34NR598;
				GCC_C_LANGUAGE_STANDARD = gnu11;
				GENERATE_INFOPLIST_FILE = YES;
				INFOPLIST_FILE = NotificationServiceSwift/Info.plist;
				INFOPLIST_KEY_CFBundleDisplayName = NotificationServiceSwift;
				INFOPLIST_KEY_NSHumanReadableCopyright = "";
				IPHONEOS_DEPLOYMENT_TARGET = 16.4;
				LD_RUNPATH_SEARCH_PATHS = (
					"$(inherited)",
					"@executable_path/Frameworks",
					"@executable_path/../../Frameworks",
				);
				LIBRARY_SEARCH_PATHS = (
					"$(SDKROOT)/usr/lib/swift",
					"$(inherited)",
				);
				MARKETING_VERSION = 1.0;
				MTL_ENABLE_DEBUG_INFO = INCLUDE_SOURCE;
				MTL_FAST_MATH = YES;
				PRODUCT_BUNDLE_IDENTIFIER = com.clevertap.demo.NotificationServiceSwift;
				PRODUCT_NAME = "$(TARGET_NAME)";
				SKIP_INSTALL = YES;
				SWIFT_ACTIVE_COMPILATION_CONDITIONS = DEBUG;
				SWIFT_EMIT_LOC_STRINGS = YES;
				SWIFT_OPTIMIZATION_LEVEL = "-Onone";
				SWIFT_VERSION = 5.0;
				TARGETED_DEVICE_FAMILY = "1,2";
			};
			name = Debug;
		};
		48BF79732AB076DB0091FF16 /* Release */ = {
			isa = XCBuildConfiguration;
			baseConfigurationReference = 73C88AB325F594C5AD9B8C55 /* Pods-NotificationServiceSwift.release.xcconfig */;
			buildSettings = {
				CLANG_ANALYZER_NONNULL = YES;
				CLANG_ANALYZER_NUMBER_OBJECT_CONVERSION = YES_AGGRESSIVE;
				CLANG_CXX_LANGUAGE_STANDARD = "gnu++20";
				CLANG_ENABLE_OBJC_WEAK = YES;
				CLANG_WARN_DOCUMENTATION_COMMENTS = YES;
				CLANG_WARN_UNGUARDED_AVAILABILITY = YES_AGGRESSIVE;
				CODE_SIGN_STYLE = Automatic;
				COPY_PHASE_STRIP = NO;
				CURRENT_PROJECT_VERSION = 1;
				DEBUG_INFORMATION_FORMAT = "dwarf-with-dsym";
				DEVELOPMENT_TEAM = A5J34NR598;
				GCC_C_LANGUAGE_STANDARD = gnu11;
				GENERATE_INFOPLIST_FILE = YES;
				INFOPLIST_FILE = NotificationServiceSwift/Info.plist;
				INFOPLIST_KEY_CFBundleDisplayName = NotificationServiceSwift;
				INFOPLIST_KEY_NSHumanReadableCopyright = "";
				IPHONEOS_DEPLOYMENT_TARGET = 16.4;
				LD_RUNPATH_SEARCH_PATHS = (
					"$(inherited)",
					"@executable_path/Frameworks",
					"@executable_path/../../Frameworks",
				);
				LIBRARY_SEARCH_PATHS = (
					"$(SDKROOT)/usr/lib/swift",
					"$(inherited)",
				);
				MARKETING_VERSION = 1.0;
				MTL_FAST_MATH = YES;
				PRODUCT_BUNDLE_IDENTIFIER = com.clevertap.demo.NotificationServiceSwift;
				PRODUCT_NAME = "$(TARGET_NAME)";
				SKIP_INSTALL = YES;
				SWIFT_COMPILATION_MODE = wholemodule;
				SWIFT_EMIT_LOC_STRINGS = YES;
				SWIFT_OPTIMIZATION_LEVEL = "-O";
				SWIFT_VERSION = 5.0;
				TARGETED_DEVICE_FAMILY = "1,2";
			};
			name = Release;
		};
		48BF79872AB076F20091FF16 /* Debug */ = {
			isa = XCBuildConfiguration;
			baseConfigurationReference = E76E52FCD16B805CA63C3A86 /* Pods-NotificationContentSwift.debug.xcconfig */;
			buildSettings = {
				CLANG_ANALYZER_NONNULL = YES;
				CLANG_ANALYZER_NUMBER_OBJECT_CONVERSION = YES_AGGRESSIVE;
				CLANG_CXX_LANGUAGE_STANDARD = "gnu++20";
				CLANG_ENABLE_OBJC_WEAK = YES;
				CLANG_WARN_DOCUMENTATION_COMMENTS = YES;
				CLANG_WARN_UNGUARDED_AVAILABILITY = YES_AGGRESSIVE;
				CODE_SIGN_STYLE = Automatic;
				CURRENT_PROJECT_VERSION = 1;
				DEBUG_INFORMATION_FORMAT = dwarf;
				DEVELOPMENT_TEAM = A5J34NR598;
				GCC_C_LANGUAGE_STANDARD = gnu11;
				GENERATE_INFOPLIST_FILE = YES;
				INFOPLIST_FILE = NotificationContentSwift/Info.plist;
				INFOPLIST_KEY_CFBundleDisplayName = NotificationContentSwift;
				INFOPLIST_KEY_NSHumanReadableCopyright = "";
				IPHONEOS_DEPLOYMENT_TARGET = 16.4;
				LD_RUNPATH_SEARCH_PATHS = (
					"$(inherited)",
					"@executable_path/Frameworks",
					"@executable_path/../../Frameworks",
				);
				LIBRARY_SEARCH_PATHS = (
					"$(SDKROOT)/usr/lib/swift",
					"$(inherited)",
				);
				MARKETING_VERSION = 1.0;
				MTL_ENABLE_DEBUG_INFO = INCLUDE_SOURCE;
				MTL_FAST_MATH = YES;
				PRODUCT_BUNDLE_IDENTIFIER = com.clevertap.demo.NotificationContentSwift;
				PRODUCT_NAME = "$(TARGET_NAME)";
				SKIP_INSTALL = YES;
				SWIFT_ACTIVE_COMPILATION_CONDITIONS = DEBUG;
				SWIFT_EMIT_LOC_STRINGS = YES;
				SWIFT_OPTIMIZATION_LEVEL = "-Onone";
				SWIFT_VERSION = 5.0;
				TARGETED_DEVICE_FAMILY = "1,2";
			};
			name = Debug;
		};
		48BF79882AB076F20091FF16 /* Release */ = {
			isa = XCBuildConfiguration;
			baseConfigurationReference = 59A64E1CB57DEDF6784E1EA0 /* Pods-NotificationContentSwift.release.xcconfig */;
			buildSettings = {
				CLANG_ANALYZER_NONNULL = YES;
				CLANG_ANALYZER_NUMBER_OBJECT_CONVERSION = YES_AGGRESSIVE;
				CLANG_CXX_LANGUAGE_STANDARD = "gnu++20";
				CLANG_ENABLE_OBJC_WEAK = YES;
				CLANG_WARN_DOCUMENTATION_COMMENTS = YES;
				CLANG_WARN_UNGUARDED_AVAILABILITY = YES_AGGRESSIVE;
				CODE_SIGN_STYLE = Automatic;
				COPY_PHASE_STRIP = NO;
				CURRENT_PROJECT_VERSION = 1;
				DEBUG_INFORMATION_FORMAT = "dwarf-with-dsym";
				DEVELOPMENT_TEAM = A5J34NR598;
				GCC_C_LANGUAGE_STANDARD = gnu11;
				GENERATE_INFOPLIST_FILE = YES;
				INFOPLIST_FILE = NotificationContentSwift/Info.plist;
				INFOPLIST_KEY_CFBundleDisplayName = NotificationContentSwift;
				INFOPLIST_KEY_NSHumanReadableCopyright = "";
				IPHONEOS_DEPLOYMENT_TARGET = 16.4;
				LD_RUNPATH_SEARCH_PATHS = (
					"$(inherited)",
					"@executable_path/Frameworks",
					"@executable_path/../../Frameworks",
				);
				LIBRARY_SEARCH_PATHS = (
					"$(SDKROOT)/usr/lib/swift",
					"$(inherited)",
				);
				MARKETING_VERSION = 1.0;
				MTL_FAST_MATH = YES;
				PRODUCT_BUNDLE_IDENTIFIER = com.clevertap.demo.NotificationContentSwift;
				PRODUCT_NAME = "$(TARGET_NAME)";
				SKIP_INSTALL = YES;
				SWIFT_COMPILATION_MODE = wholemodule;
				SWIFT_EMIT_LOC_STRINGS = YES;
				SWIFT_OPTIMIZATION_LEVEL = "-O";
				SWIFT_VERSION = 5.0;
				TARGETED_DEVICE_FAMILY = "1,2";
			};
			name = Release;
		};
		83CBBA201A601CBA00E9B192 /* Debug */ = {
			isa = XCBuildConfiguration;
			buildSettings = {
				ALWAYS_SEARCH_USER_PATHS = NO;
				CC = "";
				CLANG_ANALYZER_LOCALIZABILITY_NONLOCALIZED = YES;
				CLANG_CXX_LANGUAGE_STANDARD = "c++20";
				CLANG_CXX_LIBRARY = "libc++";
				CLANG_ENABLE_MODULES = YES;
				CLANG_ENABLE_OBJC_ARC = YES;
				CLANG_WARN_BLOCK_CAPTURE_AUTORELEASING = YES;
				CLANG_WARN_BOOL_CONVERSION = YES;
				CLANG_WARN_COMMA = YES;
				CLANG_WARN_CONSTANT_CONVERSION = YES;
				CLANG_WARN_DEPRECATED_OBJC_IMPLEMENTATIONS = YES;
				CLANG_WARN_DIRECT_OBJC_ISA_USAGE = YES_ERROR;
				CLANG_WARN_EMPTY_BODY = YES;
				CLANG_WARN_ENUM_CONVERSION = YES;
				CLANG_WARN_INFINITE_RECURSION = YES;
				CLANG_WARN_INT_CONVERSION = YES;
				CLANG_WARN_NON_LITERAL_NULL_CONVERSION = YES;
				CLANG_WARN_OBJC_IMPLICIT_RETAIN_SELF = YES;
				CLANG_WARN_OBJC_LITERAL_CONVERSION = YES;
				CLANG_WARN_OBJC_ROOT_CLASS = YES_ERROR;
				CLANG_WARN_QUOTED_INCLUDE_IN_FRAMEWORK_HEADER = YES;
				CLANG_WARN_RANGE_LOOP_ANALYSIS = YES;
				CLANG_WARN_STRICT_PROTOTYPES = YES;
				CLANG_WARN_SUSPICIOUS_MOVE = YES;
				CLANG_WARN_UNREACHABLE_CODE = YES;
				CLANG_WARN__DUPLICATE_METHOD_MATCH = YES;
				"CODE_SIGN_IDENTITY[sdk=iphoneos*]" = "iPhone Developer";
				COPY_PHASE_STRIP = NO;
				CXX = "";
				ENABLE_STRICT_OBJC_MSGSEND = YES;
				ENABLE_TESTABILITY = YES;
				"EXCLUDED_ARCHS[sdk=iphonesimulator*]" = "";
				GCC_C_LANGUAGE_STANDARD = gnu99;
				GCC_DYNAMIC_NO_PIC = NO;
				GCC_NO_COMMON_BLOCKS = YES;
				GCC_OPTIMIZATION_LEVEL = 0;
				GCC_PREPROCESSOR_DEFINITIONS = (
					"DEBUG=1",
					"$(inherited)",
					_LIBCPP_ENABLE_CXX17_REMOVED_UNARY_BINARY_FUNCTION,
				);
				GCC_SYMBOLS_PRIVATE_EXTERN = NO;
				GCC_WARN_64_TO_32_BIT_CONVERSION = YES;
				GCC_WARN_ABOUT_RETURN_TYPE = YES_ERROR;
				GCC_WARN_UNDECLARED_SELECTOR = YES;
				GCC_WARN_UNINITIALIZED_AUTOS = YES_AGGRESSIVE;
				GCC_WARN_UNUSED_FUNCTION = YES;
				GCC_WARN_UNUSED_VARIABLE = YES;
				IPHONEOS_DEPLOYMENT_TARGET = 12.0;
				LD = "";
				LDPLUSPLUS = "";
				LD_RUNPATH_SEARCH_PATHS = (
					/usr/lib/swift,
					"$(inherited)",
				);
				LIBRARY_SEARCH_PATHS = (
					"$(SDKROOT)/usr/lib/swift",
					"\"$(TOOLCHAIN_DIR)/usr/lib/swift/$(PLATFORM_NAME)\"",
					"\"$(inherited)\"",
				);
				MTL_ENABLE_DEBUG_INFO = YES;
				ONLY_ACTIVE_ARCH = YES;
				OTHER_LDFLAGS = "$(inherited)  ";
				REACT_NATIVE_PATH = "${PODS_ROOT}/../../node_modules/react-native";
				SDKROOT = iphoneos;
				USE_HERMES = true;
			};
			name = Debug;
		};
		83CBBA211A601CBA00E9B192 /* Release */ = {
			isa = XCBuildConfiguration;
			buildSettings = {
				ALWAYS_SEARCH_USER_PATHS = NO;
				CC = "";
				CLANG_ANALYZER_LOCALIZABILITY_NONLOCALIZED = YES;
				CLANG_CXX_LANGUAGE_STANDARD = "c++20";
				CLANG_CXX_LIBRARY = "libc++";
				CLANG_ENABLE_MODULES = YES;
				CLANG_ENABLE_OBJC_ARC = YES;
				CLANG_WARN_BLOCK_CAPTURE_AUTORELEASING = YES;
				CLANG_WARN_BOOL_CONVERSION = YES;
				CLANG_WARN_COMMA = YES;
				CLANG_WARN_CONSTANT_CONVERSION = YES;
				CLANG_WARN_DEPRECATED_OBJC_IMPLEMENTATIONS = YES;
				CLANG_WARN_DIRECT_OBJC_ISA_USAGE = YES_ERROR;
				CLANG_WARN_EMPTY_BODY = YES;
				CLANG_WARN_ENUM_CONVERSION = YES;
				CLANG_WARN_INFINITE_RECURSION = YES;
				CLANG_WARN_INT_CONVERSION = YES;
				CLANG_WARN_NON_LITERAL_NULL_CONVERSION = YES;
				CLANG_WARN_OBJC_IMPLICIT_RETAIN_SELF = YES;
				CLANG_WARN_OBJC_LITERAL_CONVERSION = YES;
				CLANG_WARN_OBJC_ROOT_CLASS = YES_ERROR;
				CLANG_WARN_QUOTED_INCLUDE_IN_FRAMEWORK_HEADER = YES;
				CLANG_WARN_RANGE_LOOP_ANALYSIS = YES;
				CLANG_WARN_STRICT_PROTOTYPES = YES;
				CLANG_WARN_SUSPICIOUS_MOVE = YES;
				CLANG_WARN_UNREACHABLE_CODE = YES;
				CLANG_WARN__DUPLICATE_METHOD_MATCH = YES;
				"CODE_SIGN_IDENTITY[sdk=iphoneos*]" = "iPhone Developer";
				COPY_PHASE_STRIP = YES;
				CXX = "";
				ENABLE_NS_ASSERTIONS = NO;
				ENABLE_STRICT_OBJC_MSGSEND = YES;
				"EXCLUDED_ARCHS[sdk=iphonesimulator*]" = "";
				GCC_C_LANGUAGE_STANDARD = gnu99;
				GCC_NO_COMMON_BLOCKS = YES;
				GCC_PREPROCESSOR_DEFINITIONS = (
					"$(inherited)",
					_LIBCPP_ENABLE_CXX17_REMOVED_UNARY_BINARY_FUNCTION,
				);
				GCC_WARN_64_TO_32_BIT_CONVERSION = YES;
				GCC_WARN_ABOUT_RETURN_TYPE = YES_ERROR;
				GCC_WARN_UNDECLARED_SELECTOR = YES;
				GCC_WARN_UNINITIALIZED_AUTOS = YES_AGGRESSIVE;
				GCC_WARN_UNUSED_FUNCTION = YES;
				GCC_WARN_UNUSED_VARIABLE = YES;
				IPHONEOS_DEPLOYMENT_TARGET = 12.0;
				LD = "";
				LDPLUSPLUS = "";
				LD_RUNPATH_SEARCH_PATHS = (
					/usr/lib/swift,
					"$(inherited)",
				);
				LIBRARY_SEARCH_PATHS = (
					"$(SDKROOT)/usr/lib/swift",
					"\"$(TOOLCHAIN_DIR)/usr/lib/swift/$(PLATFORM_NAME)\"",
					"\"$(inherited)\"",
				);
				MTL_ENABLE_DEBUG_INFO = NO;
				OTHER_LDFLAGS = "$(inherited)  ";
				REACT_NATIVE_PATH = "${PODS_ROOT}/../../node_modules/react-native";
				SDKROOT = iphoneos;
				USE_HERMES = true;
				VALIDATE_PRODUCT = YES;
			};
			name = Release;
		};
/* End XCBuildConfiguration section */

/* Begin XCConfigurationList section */
		13B07F931A680F5B00A75B9A /* Build configuration list for PBXNativeTarget "Example" */ = {
			isa = XCConfigurationList;
			buildConfigurations = (
				13B07F941A680F5B00A75B9A /* Debug */,
				13B07F951A680F5B00A75B9A /* Release */,
			);
			defaultConfigurationIsVisible = 0;
			defaultConfigurationName = Release;
		};
		48BF78C72AA5B5110091FF16 /* Build configuration list for PBXNativeTarget "NotificationService" */ = {
			isa = XCConfigurationList;
			buildConfigurations = (
				48BF78C82AA5B5110091FF16 /* Debug */,
				48BF78C92AA5B5110091FF16 /* Release */,
			);
			defaultConfigurationIsVisible = 0;
			defaultConfigurationName = Release;
		};
		48BF79232AA7037F0091FF16 /* Build configuration list for PBXNativeTarget "NotificationContent" */ = {
			isa = XCConfigurationList;
			buildConfigurations = (
				48BF79212AA7037F0091FF16 /* Debug */,
				48BF79222AA7037F0091FF16 /* Release */,
			);
			defaultConfigurationIsVisible = 0;
			defaultConfigurationName = Release;
		};
		48BF79742AB076DB0091FF16 /* Build configuration list for PBXNativeTarget "NotificationServiceSwift" */ = {
			isa = XCConfigurationList;
			buildConfigurations = (
				48BF79722AB076DB0091FF16 /* Debug */,
				48BF79732AB076DB0091FF16 /* Release */,
			);
			defaultConfigurationIsVisible = 0;
			defaultConfigurationName = Release;
		};
		48BF79862AB076F20091FF16 /* Build configuration list for PBXNativeTarget "NotificationContentSwift" */ = {
			isa = XCConfigurationList;
			buildConfigurations = (
				48BF79872AB076F20091FF16 /* Debug */,
				48BF79882AB076F20091FF16 /* Release */,
			);
			defaultConfigurationIsVisible = 0;
			defaultConfigurationName = Release;
		};
		83CBB9FA1A601CBA00E9B192 /* Build configuration list for PBXProject "Example" */ = {
			isa = XCConfigurationList;
			buildConfigurations = (
				83CBBA201A601CBA00E9B192 /* Debug */,
				83CBBA211A601CBA00E9B192 /* Release */,
			);
			defaultConfigurationIsVisible = 0;
			defaultConfigurationName = Release;
		};
/* End XCConfigurationList section */
	};
	rootObject = 83CBB9F71A601CBA00E9B192 /* Project object */;
}
